// !$*UTF8*$!
{
	archiveVersion = 1;
	classes = {
	};
	objectVersion = 46;
	objects = {

/* Begin PBXBuildFile section */
		0C74FAF41A4A43C40072BC62 /* TextStatsViewController.m in Sources */ = {isa = PBXBuildFile; fileRef = 0C74FAF31A4A43C40072BC62 /* TextStatsViewController.m */; };
		0CF62D0E1A3B730900F54276 /* Foundation.framework in Frameworks */ = {isa = PBXBuildFile; fileRef = 0CF62D0D1A3B730900F54276 /* Foundation.framework */; };
		0CF62D101A3B730900F54276 /* CoreGraphics.framework in Frameworks */ = {isa = PBXBuildFile; fileRef = 0CF62D0F1A3B730900F54276 /* CoreGraphics.framework */; };
		0CF62D121A3B730900F54276 /* UIKit.framework in Frameworks */ = {isa = PBXBuildFile; fileRef = 0CF62D111A3B730900F54276 /* UIKit.framework */; };
		0CF62D181A3B730900F54276 /* InfoPlist.strings in Resources */ = {isa = PBXBuildFile; fileRef = 0CF62D161A3B730900F54276 /* InfoPlist.strings */; };
		0CF62D1A1A3B730900F54276 /* main.m in Sources */ = {isa = PBXBuildFile; fileRef = 0CF62D191A3B730900F54276 /* main.m */; };
		0CF62D1E1A3B730900F54276 /* AttributorAppDelegate.m in Sources */ = {isa = PBXBuildFile; fileRef = 0CF62D1D1A3B730900F54276 /* AttributorAppDelegate.m */; };
		0CF62D211A3B730900F54276 /* Main.storyboard in Resources */ = {isa = PBXBuildFile; fileRef = 0CF62D1F1A3B730900F54276 /* Main.storyboard */; };
		0CF62D241A3B730900F54276 /* AttributorViewController.m in Sources */ = {isa = PBXBuildFile; fileRef = 0CF62D231A3B730900F54276 /* AttributorViewController.m */; };
		0CF62D261A3B730900F54276 /* Images.xcassets in Resources */ = {isa = PBXBuildFile; fileRef = 0CF62D251A3B730900F54276 /* Images.xcassets */; };
		0CF62D2D1A3B730900F54276 /* XCTest.framework in Frameworks */ = {isa = PBXBuildFile; fileRef = 0CF62D2C1A3B730900F54276 /* XCTest.framework */; };
		0CF62D2E1A3B730900F54276 /* Foundation.framework in Frameworks */ = {isa = PBXBuildFile; fileRef = 0CF62D0D1A3B730900F54276 /* Foundation.framework */; };
		0CF62D2F1A3B730900F54276 /* UIKit.framework in Frameworks */ = {isa = PBXBuildFile; fileRef = 0CF62D111A3B730900F54276 /* UIKit.framework */; };
		0CF62D371A3B730900F54276 /* InfoPlist.strings in Resources */ = {isa = PBXBuildFile; fileRef = 0CF62D351A3B730900F54276 /* InfoPlist.strings */; };
		0CF62D391A3B730900F54276 /* AttributorTests.m in Sources */ = {isa = PBXBuildFile; fileRef = 0CF62D381A3B730900F54276 /* AttributorTests.m */; };
/* End PBXBuildFile section */

/* Begin PBXContainerItemProxy section */
		0CF62D301A3B730900F54276 /* PBXContainerItemProxy */ = {
			isa = PBXContainerItemProxy;
			containerPortal = 0CF62D021A3B730900F54276 /* Project object */;
			proxyType = 1;
			remoteGlobalIDString = 0CF62D091A3B730900F54276;
			remoteInfo = Attributor;
		};
/* End PBXContainerItemProxy section */

/* Begin PBXFileReference section */
		0C74FAF21A4A43C40072BC62 /* TextStatsViewController.h */ = {isa = PBXFileReference; fileEncoding = 4; lastKnownFileType = sourcecode.c.h; path = TextStatsViewController.h; sourceTree = "<group>"; };
		0C74FAF31A4A43C40072BC62 /* TextStatsViewController.m */ = {isa = PBXFileReference; fileEncoding = 4; lastKnownFileType = sourcecode.c.objc; path = TextStatsViewController.m; sourceTree = "<group>"; };
		0CF62D0A1A3B730900F54276 /* Attributor.app */ = {isa = PBXFileReference; explicitFileType = wrapper.application; includeInIndex = 0; path = Attributor.app; sourceTree = BUILT_PRODUCTS_DIR; };
		0CF62D0D1A3B730900F54276 /* Foundation.framework */ = {isa = PBXFileReference; lastKnownFileType = wrapper.framework; name = Foundation.framework; path = System/Library/Frameworks/Foundation.framework; sourceTree = SDKROOT; };
		0CF62D0F1A3B730900F54276 /* CoreGraphics.framework */ = {isa = PBXFileReference; lastKnownFileType = wrapper.framework; name = CoreGraphics.framework; path = System/Library/Frameworks/CoreGraphics.framework; sourceTree = SDKROOT; };
		0CF62D111A3B730900F54276 /* UIKit.framework */ = {isa = PBXFileReference; lastKnownFileType = wrapper.framework; name = UIKit.framework; path = System/Library/Frameworks/UIKit.framework; sourceTree = SDKROOT; };
		0CF62D151A3B730900F54276 /* Attributor-Info.plist */ = {isa = PBXFileReference; lastKnownFileType = text.plist.xml; path = "Attributor-Info.plist"; sourceTree = "<group>"; };
		0CF62D171A3B730900F54276 /* en */ = {isa = PBXFileReference; lastKnownFileType = text.plist.strings; name = en; path = en.lproj/InfoPlist.strings; sourceTree = "<group>"; };
		0CF62D191A3B730900F54276 /* main.m */ = {isa = PBXFileReference; lastKnownFileType = sourcecode.c.objc; path = main.m; sourceTree = "<group>"; };
		0CF62D1B1A3B730900F54276 /* Attributor-Prefix.pch */ = {isa = PBXFileReference; lastKnownFileType = sourcecode.c.h; path = "Attributor-Prefix.pch"; sourceTree = "<group>"; };
		0CF62D1C1A3B730900F54276 /* AttributorAppDelegate.h */ = {isa = PBXFileReference; lastKnownFileType = sourcecode.c.h; path = AttributorAppDelegate.h; sourceTree = "<group>"; };
		0CF62D1D1A3B730900F54276 /* AttributorAppDelegate.m */ = {isa = PBXFileReference; lastKnownFileType = sourcecode.c.objc; path = AttributorAppDelegate.m; sourceTree = "<group>"; };
		0CF62D201A3B730900F54276 /* Base */ = {isa = PBXFileReference; lastKnownFileType = file.storyboard; name = Base; path = Base.lproj/Main.storyboard; sourceTree = "<group>"; };
		0CF62D221A3B730900F54276 /* AttributorViewController.h */ = {isa = PBXFileReference; lastKnownFileType = sourcecode.c.h; path = AttributorViewController.h; sourceTree = "<group>"; };
		0CF62D231A3B730900F54276 /* AttributorViewController.m */ = {isa = PBXFileReference; lastKnownFileType = sourcecode.c.objc; path = AttributorViewController.m; sourceTree = "<group>"; };
		0CF62D251A3B730900F54276 /* Images.xcassets */ = {isa = PBXFileReference; lastKnownFileType = folder.assetcatalog; path = Images.xcassets; sourceTree = "<group>"; };
		0CF62D2B1A3B730900F54276 /* AttributorTests.xctest */ = {isa = PBXFileReference; explicitFileType = wrapper.cfbundle; includeInIndex = 0; path = AttributorTests.xctest; sourceTree = BUILT_PRODUCTS_DIR; };
		0CF62D2C1A3B730900F54276 /* XCTest.framework */ = {isa = PBXFileReference; lastKnownFileType = wrapper.framework; name = XCTest.framework; path = Library/Frameworks/XCTest.framework; sourceTree = DEVELOPER_DIR; };
		0CF62D341A3B730900F54276 /* AttributorTests-Info.plist */ = {isa = PBXFileReference; lastKnownFileType = text.plist.xml; path = "AttributorTests-Info.plist"; sourceTree = "<group>"; };
		0CF62D361A3B730900F54276 /* en */ = {isa = PBXFileReference; lastKnownFileType = text.plist.strings; name = en; path = en.lproj/InfoPlist.strings; sourceTree = "<group>"; };
		0CF62D381A3B730900F54276 /* AttributorTests.m */ = {isa = PBXFileReference; lastKnownFileType = sourcecode.c.objc; path = AttributorTests.m; sourceTree = "<group>"; };
/* End PBXFileReference section */

/* Begin PBXFrameworksBuildPhase section */
		0CF62D071A3B730900F54276 /* Frameworks */ = {
			isa = PBXFrameworksBuildPhase;
			buildActionMask = 2147483647;
			files = (
				0CF62D101A3B730900F54276 /* CoreGraphics.framework in Frameworks */,
				0CF62D121A3B730900F54276 /* UIKit.framework in Frameworks */,
				0CF62D0E1A3B730900F54276 /* Foundation.framework in Frameworks */,
			);
			runOnlyForDeploymentPostprocessing = 0;
		};
		0CF62D281A3B730900F54276 /* Frameworks */ = {
			isa = PBXFrameworksBuildPhase;
			buildActionMask = 2147483647;
			files = (
				0CF62D2D1A3B730900F54276 /* XCTest.framework in Frameworks */,
				0CF62D2F1A3B730900F54276 /* UIKit.framework in Frameworks */,
				0CF62D2E1A3B730900F54276 /* Foundation.framework in Frameworks */,
			);
			runOnlyForDeploymentPostprocessing = 0;
		};
/* End PBXFrameworksBuildPhase section */

/* Begin PBXGroup section */
		0CF62D011A3B730900F54276 = {
			isa = PBXGroup;
			children = (
				0CF62D131A3B730900F54276 /* Attributor */,
				0CF62D321A3B730900F54276 /* AttributorTests */,
				0CF62D0C1A3B730900F54276 /* Frameworks */,
				0CF62D0B1A3B730900F54276 /* Products */,
			);
			sourceTree = "<group>";
		};
		0CF62D0B1A3B730900F54276 /* Products */ = {
			isa = PBXGroup;
			children = (
				0CF62D0A1A3B730900F54276 /* Attributor.app */,
				0CF62D2B1A3B730900F54276 /* AttributorTests.xctest */,
			);
			name = Products;
			sourceTree = "<group>";
		};
		0CF62D0C1A3B730900F54276 /* Frameworks */ = {
			isa = PBXGroup;
			children = (
				0CF62D0D1A3B730900F54276 /* Foundation.framework */,
				0CF62D0F1A3B730900F54276 /* CoreGraphics.framework */,
				0CF62D111A3B730900F54276 /* UIKit.framework */,
				0CF62D2C1A3B730900F54276 /* XCTest.framework */,
			);
			name = Frameworks;
			sourceTree = "<group>";
		};
		0CF62D131A3B730900F54276 /* Attributor */ = {
			isa = PBXGroup;
			children = (
				0CF62D1F1A3B730900F54276 /* Main.storyboard */,
				0C74FAF21A4A43C40072BC62 /* TextStatsViewController.h */,
				0C74FAF31A4A43C40072BC62 /* TextStatsViewController.m */,
				0CF62D221A3B730900F54276 /* AttributorViewController.h */,
				0CF62D231A3B730900F54276 /* AttributorViewController.m */,
				0CF62D251A3B730900F54276 /* Images.xcassets */,
				0CF62D141A3B730900F54276 /* Supporting Files */,
			);
			path = Attributor;
			sourceTree = "<group>";
		};
		0CF62D141A3B730900F54276 /* Supporting Files */ = {
			isa = PBXGroup;
			children = (
				0CF62D1C1A3B730900F54276 /* AttributorAppDelegate.h */,
				0CF62D1D1A3B730900F54276 /* AttributorAppDelegate.m */,
				0CF62D151A3B730900F54276 /* Attributor-Info.plist */,
				0CF62D161A3B730900F54276 /* InfoPlist.strings */,
				0CF62D191A3B730900F54276 /* main.m */,
				0CF62D1B1A3B730900F54276 /* Attributor-Prefix.pch */,
			);
			name = "Supporting Files";
			sourceTree = "<group>";
		};
		0CF62D321A3B730900F54276 /* AttributorTests */ = {
			isa = PBXGroup;
			children = (
				0CF62D381A3B730900F54276 /* AttributorTests.m */,
				0CF62D331A3B730900F54276 /* Supporting Files */,
			);
			path = AttributorTests;
			sourceTree = "<group>";
		};
		0CF62D331A3B730900F54276 /* Supporting Files */ = {
			isa = PBXGroup;
			children = (
				0CF62D341A3B730900F54276 /* AttributorTests-Info.plist */,
				0CF62D351A3B730900F54276 /* InfoPlist.strings */,
			);
			name = "Supporting Files";
			sourceTree = "<group>";
		};
/* End PBXGroup section */

/* Begin PBXNativeTarget section */
		0CF62D091A3B730900F54276 /* Attributor */ = {
			isa = PBXNativeTarget;
			buildConfigurationList = 0CF62D3C1A3B730900F54276 /* Build configuration list for PBXNativeTarget "Attributor" */;
			buildPhases = (
				0CF62D061A3B730900F54276 /* Sources */,
				0CF62D071A3B730900F54276 /* Frameworks */,
				0CF62D081A3B730900F54276 /* Resources */,
			);
			buildRules = (
			);
			dependencies = (
			);
			name = Attributor;
			productName = Attributor;
			productReference = 0CF62D0A1A3B730900F54276 /* Attributor.app */;
			productType = "com.apple.product-type.application";
		};
		0CF62D2A1A3B730900F54276 /* AttributorTests */ = {
			isa = PBXNativeTarget;
			buildConfigurationList = 0CF62D3F1A3B730900F54276 /* Build configuration list for PBXNativeTarget "AttributorTests" */;
			buildPhases = (
				0CF62D271A3B730900F54276 /* Sources */,
				0CF62D281A3B730900F54276 /* Frameworks */,
				0CF62D291A3B730900F54276 /* Resources */,
			);
			buildRules = (
			);
			dependencies = (
				0CF62D311A3B730900F54276 /* PBXTargetDependency */,
			);
			name = AttributorTests;
			productName = AttributorTests;
			productReference = 0CF62D2B1A3B730900F54276 /* AttributorTests.xctest */;
			productType = "com.apple.product-type.bundle.unit-test";
		};
/* End PBXNativeTarget section */

/* Begin PBXProject section */
		0CF62D021A3B730900F54276 /* Project object */ = {
			isa = PBXProject;
			attributes = {
				CLASSPREFIX = Attributor;
				LastUpgradeCheck = 0500;
				ORGANIZATIONNAME = "Kunal Jathal";
				TargetAttributes = {
					0CF62D2A1A3B730900F54276 = {
						TestTargetID = 0CF62D091A3B730900F54276;
					};
				};
			};
			buildConfigurationList = 0CF62D051A3B730900F54276 /* Build configuration list for PBXProject "Attributor" */;
			compatibilityVersion = "Xcode 3.2";
			developmentRegion = English;
			hasScannedForEncodings = 0;
			knownRegions = (
				en,
				Base,
			);
			mainGroup = 0CF62D011A3B730900F54276;
			productRefGroup = 0CF62D0B1A3B730900F54276 /* Products */;
			projectDirPath = "";
			projectRoot = "";
			targets = (
				0CF62D091A3B730900F54276 /* Attributor */,
				0CF62D2A1A3B730900F54276 /* AttributorTests */,
			);
		};
/* End PBXProject section */

/* Begin PBXResourcesBuildPhase section */
		0CF62D081A3B730900F54276 /* Resources */ = {
			isa = PBXResourcesBuildPhase;
			buildActionMask = 2147483647;
			files = (
				0CF62D261A3B730900F54276 /* Images.xcassets in Resources */,
				0CF62D181A3B730900F54276 /* InfoPlist.strings in Resources */,
				0CF62D211A3B730900F54276 /* Main.storyboard in Resources */,
			);
			runOnlyForDeploymentPostprocessing = 0;
		};
		0CF62D291A3B730900F54276 /* Resources */ = {
			isa = PBXResourcesBuildPhase;
			buildActionMask = 2147483647;
			files = (
				0CF62D371A3B730900F54276 /* InfoPlist.strings in Resources */,
			);
			runOnlyForDeploymentPostprocessing = 0;
		};
/* End PBXResourcesBuildPhase section */

/* Begin PBXSourcesBuildPhase section */
		0CF62D061A3B730900F54276 /* Sources */ = {
			isa = PBXSourcesBuildPhase;
			buildActionMask = 2147483647;
			files = (
				0CF62D1E1A3B730900F54276 /* AttributorAppDelegate.m in Sources */,
				0CF62D241A3B730900F54276 /* AttributorViewController.m in Sources */,
				0CF62D1A1A3B730900F54276 /* main.m in Sources */,
				0C74FAF41A4A43C40072BC62 /* TextStatsViewController.m in Sources */,
			);
			runOnlyForDeploymentPostprocessing = 0;
		};
		0CF62D271A3B730900F54276 /* Sources */ = {
			isa = PBXSourcesBuildPhase;
			buildActionMask = 2147483647;
			files = (
				0CF62D391A3B730900F54276 /* AttributorTests.m in Sources */,
			);
			runOnlyForDeploymentPostprocessing = 0;
		};
/* End PBXSourcesBuildPhase section */

/* Begin PBXTargetDependency section */
		0CF62D311A3B730900F54276 /* PBXTargetDependency */ = {
			isa = PBXTargetDependency;
			target = 0CF62D091A3B730900F54276 /* Attributor */;
			targetProxy = 0CF62D301A3B730900F54276 /* PBXContainerItemProxy */;
		};
/* End PBXTargetDependency section */

/* Begin PBXVariantGroup section */
		0CF62D161A3B730900F54276 /* InfoPlist.strings */ = {
			isa = PBXVariantGroup;
			children = (
				0CF62D171A3B730900F54276 /* en */,
			);
			name = InfoPlist.strings;
			sourceTree = "<group>";
		};
		0CF62D1F1A3B730900F54276 /* Main.storyboard */ = {
			isa = PBXVariantGroup;
			children = (
				0CF62D201A3B730900F54276 /* Base */,
			);
			name = Main.storyboard;
			sourceTree = "<group>";
		};
		0CF62D351A3B730900F54276 /* InfoPlist.strings */ = {
			isa = PBXVariantGroup;
			children = (
				0CF62D361A3B730900F54276 /* en */,
			);
			name = InfoPlist.strings;
			sourceTree = "<group>";
		};
/* End PBXVariantGroup section */

/* Begin XCBuildConfiguration section */
		0CF62D3A1A3B730900F54276 /* Debug */ = {
			isa = XCBuildConfiguration;
			buildSettings = {
				ALWAYS_SEARCH_USER_PATHS = NO;
				ARCHS = "$(ARCHS_STANDARD_INCLUDING_64_BIT)";
				CLANG_CXX_LANGUAGE_STANDARD = "gnu++0x";
				CLANG_CXX_LIBRARY = "libc++";
				CLANG_ENABLE_MODULES = YES;
				CLANG_ENABLE_OBJC_ARC = YES;
				CLANG_WARN_BOOL_CONVERSION = YES;
				CLANG_WARN_CONSTANT_CONVERSION = YES;
				CLANG_WARN_DIRECT_OBJC_ISA_USAGE = YES_ERROR;
				CLANG_WARN_EMPTY_BODY = YES;
				CLANG_WARN_ENUM_CONVERSION = YES;
				CLANG_WARN_INT_CONVERSION = YES;
				CLANG_WARN_OBJC_ROOT_CLASS = YES_ERROR;
				CLANG_WARN__DUPLICATE_METHOD_MATCH = YES;
				"CODE_SIGN_IDENTITY[sdk=iphoneos*]" = "iPhone Developer";
				COPY_PHASE_STRIP = NO;
				GCC_C_LANGUAGE_STANDARD = gnu99;
				GCC_DYNAMIC_NO_PIC = NO;
				GCC_OPTIMIZATION_LEVEL = 0;
				GCC_PREPROCESSOR_DEFINITIONS = (
					"DEBUG=1",
					"$(inherited)",
				);
				GCC_SYMBOLS_PRIVATE_EXTERN = NO;
				GCC_WARN_64_TO_32_BIT_CONVERSION = YES;
				GCC_WARN_ABOUT_RETURN_TYPE = YES_ERROR;
				GCC_WARN_UNDECLARED_SELECTOR = YES;
				GCC_WARN_UNINITIALIZED_AUTOS = YES;
				GCC_WARN_UNUSED_FUNCTION = YES;
				GCC_WARN_UNUSED_VARIABLE = YES;
				IPHONEOS_DEPLOYMENT_TARGET = 7.0;
				ONLY_ACTIVE_ARCH = YES;
				SDKROOT = iphoneos;
			};
			name = Debug;
		};
		0CF62D3B1A3B730900F54276 /* Release */ = {
			isa = XCBuildConfiguration;
			buildSettings = {
				ALWAYS_SEARCH_USER_PATHS = NO;
				ARCHS = "$(ARCHS_STANDARD_INCLUDING_64_BIT)";
				CLANG_CXX_LANGUAGE_STANDARD = "gnu++0x";
				CLANG_CXX_LIBRARY = "libc++";
				CLANG_ENABLE_MODULES = YES;
				CLANG_ENABLE_OBJC_ARC = YES;
				CLANG_WARN_BOOL_CONVERSION = YES;
				CLANG_WARN_CONSTANT_CONVERSION = YES;
				CLANG_WARN_DIRECT_OBJC_ISA_USAGE = YES_ERROR;
				CLANG_WARN_EMPTY_BODY = YES;
				CLANG_WARN_ENUM_CONVERSION = YES;
				CLANG_WARN_INT_CONVERSION = YES;
				CLANG_WARN_OBJC_ROOT_CLASS = YES_ERROR;
				CLANG_WARN__DUPLICATE_METHOD_MATCH = YES;
				"CODE_SIGN_IDENTITY[sdk=iphoneos*]" = "iPhone Developer";
				COPY_PHASE_STRIP = YES;
				ENABLE_NS_ASSERTIONS = NO;
				GCC_C_LANGUAGE_STANDARD = gnu99;
				GCC_WARN_64_TO_32_BIT_CONVERSION = YES;
				GCC_WARN_ABOUT_RETURN_TYPE = YES_ERROR;
				GCC_WARN_UNDECLARED_SELECTOR = YES;
				GCC_WARN_UNINITIALIZED_AUTOS = YES;
				GCC_WARN_UNUSED_FUNCTION = YES;
				GCC_WARN_UNUSED_VARIABLE = YES;
				IPHONEOS_DEPLOYMENT_TARGET = 7.0;
				SDKROOT = iphoneos;
				VALIDATE_PRODUCT = YES;
			};
			name = Release;
		};
		0CF62D3D1A3B730900F54276 /* Debug */ = {
			isa = XCBuildConfiguration;
			buildSettings = {
				ASSETCATALOG_COMPILER_APPICON_NAME = AppIcon;
				ASSETCATALOG_COMPILER_LAUNCHIMAGE_NAME = LaunchImage;
				GCC_PRECOMPILE_PREFIX_HEADER = YES;
				GCC_PREFIX_HEADER = "Attributor/Attributor-Prefix.pch";
				INFOPLIST_FILE = "Attributor/Attributor-Info.plist";
				PRODUCT_NAME = "$(TARGET_NAME)";
				WRAPPER_EXTENSION = app;
			};
			name = Debug;
		};
		0CF62D3E1A3B730900F54276 /* Release */ = {
			isa = XCBuildConfiguration;
			buildSettings = {
				ASSETCATALOG_COMPILER_APPICON_NAME = AppIcon;
				ASSETCATALOG_COMPILER_LAUNCHIMAGE_NAME = LaunchImage;
				GCC_PRECOMPILE_PREFIX_HEADER = YES;
				GCC_PREFIX_HEADER = "Attributor/Attributor-Prefix.pch";
				INFOPLIST_FILE = "Attributor/Attributor-Info.plist";
				PRODUCT_NAME = "$(TARGET_NAME)";
				WRAPPER_EXTENSION = app;
			};
			name = Release;
		};
		0CF62D401A3B730900F54276 /* Debug */ = {
			isa = XCBuildConfiguration;
			buildSettings = {
				ARCHS = "$(ARCHS_STANDARD_INCLUDING_64_BIT)";
				BUNDLE_LOADER = "$(BUILT_PRODUCTS_DIR)/Attributor.app/Attributor";
				FRAMEWORK_SEARCH_PATHS = (
					"$(SDKROOT)/Developer/Library/Frameworks",
					"$(inherited)",
					"$(DEVELOPER_FRAMEWORKS_DIR)",
				);
				GCC_PRECOMPILE_PREFIX_HEADER = YES;
				GCC_PREFIX_HEADER = "Attributor/Attributor-Prefix.pch";
				GCC_PREPROCESSOR_DEFINITIONS = (
					"DEBUG=1",
					"$(inherited)",
				);
				INFOPLIST_FILE = "AttributorTests/AttributorTests-Info.plist";
				PRODUCT_NAME = "$(TARGET_NAME)";
				TEST_HOST = "$(BUNDLE_LOADER)";
				WRAPPER_EXTENSION = xctest;
			};
			name = Debug;
		};
		0CF62D411A3B730900F54276 /* Release */ = {
			isa = XCBuildConfiguration;
			buildSettings = {
				ARCHS = "$(ARCHS_STANDARD_INCLUDING_64_BIT)";
				BUNDLE_LOADER = "$(BUILT_PRODUCTS_DIR)/Attributor.app/Attributor";
				FRAMEWORK_SEARCH_PATHS = (
					"$(SDKROOT)/Developer/Library/Frameworks",
					"$(inherited)",
					"$(DEVELOPER_FRAMEWORKS_DIR)",
				);
				GCC_PRECOMPILE_PREFIX_HEADER = YES;
				GCC_PREFIX_HEADER = "Attributor/Attributor-Prefix.pch";
				INFOPLIST_FILE = "AttributorTests/AttributorTests-Info.plist";
				PRODUCT_NAME = "$(TARGET_NAME)";
				TEST_HOST = "$(BUNDLE_LOADER)";
				WRAPPER_EXTENSION = xctest;
			};
			name = Release;
		};
/* End XCBuildConfiguration section */

/* Begin XCConfigurationList section */
		0CF62D051A3B730900F54276 /* Build configuration list for PBXProject "Attributor" */ = {
			isa = XCConfigurationList;
			buildConfigurations = (
				0CF62D3A1A3B730900F54276 /* Debug */,
				0CF62D3B1A3B730900F54276 /* Release */,
			);
			defaultConfigurationIsVisible = 0;
			defaultConfigurationName = Release;
		};
		0CF62D3C1A3B730900F54276 /* Build configuration list for PBXNativeTarget "Attributor" */ = {
			isa = XCConfigurationList;
			buildConfigurations = (
				0CF62D3D1A3B730900F54276 /* Debug */,
				0CF62D3E1A3B730900F54276 /* Release */,
			);
			defaultConfigurationIsVisible = 0;
			defaultConfigurationName = Release;
		};
		0CF62D3F1A3B730900F54276 /* Build configuration list for PBXNativeTarget "AttributorTests" */ = {
			isa = XCConfigurationList;
			buildConfigurations = (
				0CF62D401A3B730900F54276 /* Debug */,
				0CF62D411A3B730900F54276 /* Release */,
			);
			defaultConfigurationIsVisible = 0;
			defaultConfigurationName = Release;
		};
/* End XCConfigurationList section */
	};
	rootObject = 0CF62D021A3B730900F54276 /* Project object */;
}
